// !$*UTF8*$!
{
	archiveVersion = 1;
	classes = {
	};
	objectVersion = 46;
	objects = {

/* Begin PBXBuildFile section */
		CE9A471619AF4BDB00835EB4 /* Foundation.framework in Frameworks */ = {isa = PBXBuildFile; fileRef = CE9A471519AF4BDB00835EB4 /* Foundation.framework */; };
		CE9A471819AF4BDB00835EB4 /* CoreGraphics.framework in Frameworks */ = {isa = PBXBuildFile; fileRef = CE9A471719AF4BDB00835EB4 /* CoreGraphics.framework */; };
		CE9A471A19AF4BDB00835EB4 /* UIKit.framework in Frameworks */ = {isa = PBXBuildFile; fileRef = CE9A471919AF4BDB00835EB4 /* UIKit.framework */; };
		CE9A472019AF4BDB00835EB4 /* InfoPlist.strings in Resources */ = {isa = PBXBuildFile; fileRef = CE9A471E19AF4BDB00835EB4 /* InfoPlist.strings */; };
		CE9A472219AF4BDB00835EB4 /* main.m in Sources */ = {isa = PBXBuildFile; fileRef = CE9A472119AF4BDB00835EB4 /* main.m */; };
		CE9A472619AF4BDB00835EB4 /* AppDelegate.m in Sources */ = {isa = PBXBuildFile; fileRef = CE9A472519AF4BDB00835EB4 /* AppDelegate.m */; };
		CE9A472819AF4BDB00835EB4 /* Images.xcassets in Resources */ = {isa = PBXBuildFile; fileRef = CE9A472719AF4BDB00835EB4 /* Images.xcassets */; };
		CE9A472F19AF4BDB00835EB4 /* XCTest.framework in Frameworks */ = {isa = PBXBuildFile; fileRef = CE9A472E19AF4BDB00835EB4 /* XCTest.framework */; };
		CE9A473019AF4BDB00835EB4 /* Foundation.framework in Frameworks */ = {isa = PBXBuildFile; fileRef = CE9A471519AF4BDB00835EB4 /* Foundation.framework */; };
		CE9A473119AF4BDB00835EB4 /* UIKit.framework in Frameworks */ = {isa = PBXBuildFile; fileRef = CE9A471919AF4BDB00835EB4 /* UIKit.framework */; };
		CE9A473919AF4BDB00835EB4 /* InfoPlist.strings in Resources */ = {isa = PBXBuildFile; fileRef = CE9A473719AF4BDB00835EB4 /* InfoPlist.strings */; };
		CE9A473B19AF4BDB00835EB4 /* PullListTests.m in Sources */ = {isa = PBXBuildFile; fileRef = CE9A473A19AF4BDB00835EB4 /* PullListTests.m */; };
		CE9A474719AF4C2100835EB4 /* PullListViewController.m in Sources */ = {isa = PBXBuildFile; fileRef = CE9A474519AF4C2100835EB4 /* PullListViewController.m */; };
		CE9A474819AF4C2100835EB4 /* PullListViewController.xib in Resources */ = {isa = PBXBuildFile; fileRef = CE9A474619AF4C2100835EB4 /* PullListViewController.xib */; };
		CE9A475419AF508400835EB4 /* ListCell.m in Sources */ = {isa = PBXBuildFile; fileRef = CE9A475319AF508400835EB4 /* ListCell.m */; };
		CE9A475619AF50CD00835EB4 /* ListCell.xib in Resources */ = {isa = PBXBuildFile; fileRef = CE9A475519AF50CD00835EB4 /* ListCell.xib */; };
		CE9A476619AF547300835EB4 /* FMDatabase+InMemoryOnDiskIO.m in Sources */ = {isa = PBXBuildFile; fileRef = CE9A475A19AF547300835EB4 /* FMDatabase+InMemoryOnDiskIO.m */; };
		CE9A476719AF547300835EB4 /* FMDatabase.m in Sources */ = {isa = PBXBuildFile; fileRef = CE9A475D19AF547300835EB4 /* FMDatabase.m */; };
		CE9A476819AF547300835EB4 /* FMDatabaseAdditions.m in Sources */ = {isa = PBXBuildFile; fileRef = CE9A475F19AF547300835EB4 /* FMDatabaseAdditions.m */; };
		CE9A476919AF547300835EB4 /* FMDatabasePool.m in Sources */ = {isa = PBXBuildFile; fileRef = CE9A476119AF547300835EB4 /* FMDatabasePool.m */; };
		CE9A476A19AF547400835EB4 /* FMDatabaseQueue.m in Sources */ = {isa = PBXBuildFile; fileRef = CE9A476319AF547300835EB4 /* FMDatabaseQueue.m */; };
		CE9A476B19AF547400835EB4 /* FMResultSet.m in Sources */ = {isa = PBXBuildFile; fileRef = CE9A476519AF547300835EB4 /* FMResultSet.m */; };
		CE9A477A19AF54C500835EB4 /* LKDB+Manager.m in Sources */ = {isa = PBXBuildFile; fileRef = CE9A476F19AF54C500835EB4 /* LKDB+Manager.m */; };
		CE9A477B19AF54C500835EB4 /* LKDB+Mapping.m in Sources */ = {isa = PBXBuildFile; fileRef = CE9A477119AF54C500835EB4 /* LKDB+Mapping.m */; };
		CE9A477C19AF54C500835EB4 /* LKDBHelper.m in Sources */ = {isa = PBXBuildFile; fileRef = CE9A477319AF54C500835EB4 /* LKDBHelper.m */; };
		CE9A477D19AF54C500835EB4 /* LKDBUtils.m in Sources */ = {isa = PBXBuildFile; fileRef = CE9A477519AF54C500835EB4 /* LKDBUtils.m */; };
		CE9A477E19AF54C500835EB4 /* NSObject+LKDBHelper.m in Sources */ = {isa = PBXBuildFile; fileRef = CE9A477719AF54C500835EB4 /* NSObject+LKDBHelper.m */; };
		CE9A477F19AF54C500835EB4 /* NSObject+LKModel.m in Sources */ = {isa = PBXBuildFile; fileRef = CE9A477919AF54C500835EB4 /* NSObject+LKModel.m */; };
		CE9A478219AF566E00835EB4 /* News.m in Sources */ = {isa = PBXBuildFile; fileRef = CE9A478119AF566E00835EB4 /* News.m */; };
		CEA08E8B19AF6D4B002707B9 /* myNetPost.m in Sources */ = {isa = PBXBuildFile; fileRef = CEA08E8919AF6D4B002707B9 /* myNetPost.m */; };
		CEA08E8D19AF6E6D002707B9 /* libsqlite3.0.dylib in Frameworks */ = {isa = PBXBuildFile; fileRef = CEA08E8C19AF6E6D002707B9 /* libsqlite3.0.dylib */; };
/* End PBXBuildFile section */

/* Begin PBXContainerItemProxy section */
		CE9A473219AF4BDB00835EB4 /* PBXContainerItemProxy */ = {
			isa = PBXContainerItemProxy;
			containerPortal = CE9A470A19AF4BDB00835EB4 /* Project object */;
			proxyType = 1;
			remoteGlobalIDString = CE9A471119AF4BDB00835EB4;
			remoteInfo = PullList;
		};
/* End PBXContainerItemProxy section */

/* Begin PBXFileReference section */
		CE9A471219AF4BDB00835EB4 /* PullList.app */ = {isa = PBXFileReference; explicitFileType = wrapper.application; includeInIndex = 0; path = PullList.app; sourceTree = BUILT_PRODUCTS_DIR; };
		CE9A471519AF4BDB00835EB4 /* Foundation.framework */ = {isa = PBXFileReference; lastKnownFileType = wrapper.framework; name = Foundation.framework; path = System/Library/Frameworks/Foundation.framework; sourceTree = SDKROOT; };
		CE9A471719AF4BDB00835EB4 /* CoreGraphics.framework */ = {isa = PBXFileReference; lastKnownFileType = wrapper.framework; name = CoreGraphics.framework; path = System/Library/Frameworks/CoreGraphics.framework; sourceTree = SDKROOT; };
		CE9A471919AF4BDB00835EB4 /* UIKit.framework */ = {isa = PBXFileReference; lastKnownFileType = wrapper.framework; name = UIKit.framework; path = System/Library/Frameworks/UIKit.framework; sourceTree = SDKROOT; };
		CE9A471D19AF4BDB00835EB4 /* PullList-Info.plist */ = {isa = PBXFileReference; lastKnownFileType = text.plist.xml; path = "PullList-Info.plist"; sourceTree = "<group>"; };
		CE9A471F19AF4BDB00835EB4 /* en */ = {isa = PBXFileReference; lastKnownFileType = text.plist.strings; name = en; path = en.lproj/InfoPlist.strings; sourceTree = "<group>"; };
		CE9A472119AF4BDB00835EB4 /* main.m */ = {isa = PBXFileReference; lastKnownFileType = sourcecode.c.objc; path = main.m; sourceTree = "<group>"; };
		CE9A472319AF4BDB00835EB4 /* PullList-Prefix.pch */ = {isa = PBXFileReference; lastKnownFileType = sourcecode.c.h; path = "PullList-Prefix.pch"; sourceTree = "<group>"; };
		CE9A472419AF4BDB00835EB4 /* AppDelegate.h */ = {isa = PBXFileReference; lastKnownFileType = sourcecode.c.h; path = AppDelegate.h; sourceTree = "<group>"; };
		CE9A472519AF4BDB00835EB4 /* AppDelegate.m */ = {isa = PBXFileReference; lastKnownFileType = sourcecode.c.objc; path = AppDelegate.m; sourceTree = "<group>"; };
		CE9A472719AF4BDB00835EB4 /* Images.xcassets */ = {isa = PBXFileReference; lastKnownFileType = folder.assetcatalog; path = Images.xcassets; sourceTree = "<group>"; };
		CE9A472D19AF4BDB00835EB4 /* PullListTests.xctest */ = {isa = PBXFileReference; explicitFileType = wrapper.cfbundle; includeInIndex = 0; path = PullListTests.xctest; sourceTree = BUILT_PRODUCTS_DIR; };
		CE9A472E19AF4BDB00835EB4 /* XCTest.framework */ = {isa = PBXFileReference; lastKnownFileType = wrapper.framework; name = XCTest.framework; path = Library/Frameworks/XCTest.framework; sourceTree = DEVELOPER_DIR; };
		CE9A473619AF4BDB00835EB4 /* PullListTests-Info.plist */ = {isa = PBXFileReference; lastKnownFileType = text.plist.xml; path = "PullListTests-Info.plist"; sourceTree = "<group>"; };
		CE9A473819AF4BDB00835EB4 /* en */ = {isa = PBXFileReference; lastKnownFileType = text.plist.strings; name = en; path = en.lproj/InfoPlist.strings; sourceTree = "<group>"; };
		CE9A473A19AF4BDB00835EB4 /* PullListTests.m */ = {isa = PBXFileReference; lastKnownFileType = sourcecode.c.objc; path = PullListTests.m; sourceTree = "<group>"; };
		CE9A474419AF4C2100835EB4 /* PullListViewController.h */ = {isa = PBXFileReference; fileEncoding = 4; lastKnownFileType = sourcecode.c.h; name = PullListViewController.h; path = viewcontrol/PullListViewController.h; sourceTree = "<group>"; };
		CE9A474519AF4C2100835EB4 /* PullListViewController.m */ = {isa = PBXFileReference; fileEncoding = 4; lastKnownFileType = sourcecode.c.objc; name = PullListViewController.m; path = viewcontrol/PullListViewController.m; sourceTree = "<group>"; };
		CE9A474619AF4C2100835EB4 /* PullListViewController.xib */ = {isa = PBXFileReference; fileEncoding = 4; lastKnownFileType = file.xib; name = PullListViewController.xib; path = viewcontrol/PullListViewController.xib; sourceTree = "<group>"; };
		CE9A475219AF508400835EB4 /* ListCell.h */ = {isa = PBXFileReference; fileEncoding = 4; lastKnownFileType = sourcecode.c.h; path = ListCell.h; sourceTree = "<group>"; };
		CE9A475319AF508400835EB4 /* ListCell.m */ = {isa = PBXFileReference; fileEncoding = 4; lastKnownFileType = sourcecode.c.objc; path = ListCell.m; sourceTree = "<group>"; };
		CE9A475519AF50CD00835EB4 /* ListCell.xib */ = {isa = PBXFileReference; fileEncoding = 4; lastKnownFileType = file.xib; path = ListCell.xib; sourceTree = "<group>"; };
		CE9A475919AF547300835EB4 /* FMDatabase+InMemoryOnDiskIO.h */ = {isa = PBXFileReference; fileEncoding = 4; lastKnownFileType = sourcecode.c.h; path = "FMDatabase+InMemoryOnDiskIO.h"; sourceTree = "<group>"; };
		CE9A475A19AF547300835EB4 /* FMDatabase+InMemoryOnDiskIO.m */ = {isa = PBXFileReference; fileEncoding = 4; lastKnownFileType = sourcecode.c.objc; path = "FMDatabase+InMemoryOnDiskIO.m"; sourceTree = "<group>"; };
		CE9A475C19AF547300835EB4 /* FMDatabase.h */ = {isa = PBXFileReference; fileEncoding = 4; lastKnownFileType = sourcecode.c.h; path = FMDatabase.h; sourceTree = "<group>"; };
		CE9A475D19AF547300835EB4 /* FMDatabase.m */ = {isa = PBXFileReference; fileEncoding = 4; lastKnownFileType = sourcecode.c.objc; path = FMDatabase.m; sourceTree = "<group>"; };
		CE9A475E19AF547300835EB4 /* FMDatabaseAdditions.h */ = {isa = PBXFileReference; fileEncoding = 4; lastKnownFileType = sourcecode.c.h; path = FMDatabaseAdditions.h; sourceTree = "<group>"; };
		CE9A475F19AF547300835EB4 /* FMDatabaseAdditions.m */ = {isa = PBXFileReference; fileEncoding = 4; lastKnownFileType = sourcecode.c.objc; path = FMDatabaseAdditions.m; sourceTree = "<group>"; };
		CE9A476019AF547300835EB4 /* FMDatabasePool.h */ = {isa = PBXFileReference; fileEncoding = 4; lastKnownFileType = sourcecode.c.h; path = FMDatabasePool.h; sourceTree = "<group>"; };
		CE9A476119AF547300835EB4 /* FMDatabasePool.m */ = {isa = PBXFileReference; fileEncoding = 4; lastKnownFileType = sourcecode.c.objc; path = FMDatabasePool.m; sourceTree = "<group>"; };
		CE9A476219AF547300835EB4 /* FMDatabaseQueue.h */ = {isa = PBXFileReference; fileEncoding = 4; lastKnownFileType = sourcecode.c.h; path = FMDatabaseQueue.h; sourceTree = "<group>"; };
		CE9A476319AF547300835EB4 /* FMDatabaseQueue.m */ = {isa = PBXFileReference; fileEncoding = 4; lastKnownFileType = sourcecode.c.objc; path = FMDatabaseQueue.m; sourceTree = "<group>"; };
		CE9A476419AF547300835EB4 /* FMResultSet.h */ = {isa = PBXFileReference; fileEncoding = 4; lastKnownFileType = sourcecode.c.h; path = FMResultSet.h; sourceTree = "<group>"; };
		CE9A476519AF547300835EB4 /* FMResultSet.m */ = {isa = PBXFileReference; fileEncoding = 4; lastKnownFileType = sourcecode.c.objc; path = FMResultSet.m; sourceTree = "<group>"; };
		CE9A476E19AF54C500835EB4 /* LKDB+Manager.h */ = {isa = PBXFileReference; fileEncoding = 4; lastKnownFileType = sourcecode.c.h; path = "LKDB+Manager.h"; sourceTree = "<group>"; };
		CE9A476F19AF54C500835EB4 /* LKDB+Manager.m */ = {isa = PBXFileReference; fileEncoding = 4; lastKnownFileType = sourcecode.c.objc; path = "LKDB+Manager.m"; sourceTree = "<group>"; };
		CE9A477019AF54C500835EB4 /* LKDB+Mapping.h */ = {isa = PBXFileReference; fileEncoding = 4; lastKnownFileType = sourcecode.c.h; path = "LKDB+Mapping.h"; sourceTree = "<group>"; };
		CE9A477119AF54C500835EB4 /* LKDB+Mapping.m */ = {isa = PBXFileReference; fileEncoding = 4; lastKnownFileType = sourcecode.c.objc; path = "LKDB+Mapping.m"; sourceTree = "<group>"; };
		CE9A477219AF54C500835EB4 /* LKDBHelper.h */ = {isa = PBXFileReference; fileEncoding = 4; lastKnownFileType = sourcecode.c.h; path = LKDBHelper.h; sourceTree = "<group>"; };
		CE9A477319AF54C500835EB4 /* LKDBHelper.m */ = {isa = PBXFileReference; fileEncoding = 4; lastKnownFileType = sourcecode.c.objc; path = LKDBHelper.m; sourceTree = "<group>"; };
		CE9A477419AF54C500835EB4 /* LKDBUtils.h */ = {isa = PBXFileReference; fileEncoding = 4; lastKnownFileType = sourcecode.c.h; path = LKDBUtils.h; sourceTree = "<group>"; };
		CE9A477519AF54C500835EB4 /* LKDBUtils.m */ = {isa = PBXFileReference; fileEncoding = 4; lastKnownFileType = sourcecode.c.objc; path = LKDBUtils.m; sourceTree = "<group>"; };
		CE9A477619AF54C500835EB4 /* NSObject+LKDBHelper.h */ = {isa = PBXFileReference; fileEncoding = 4; lastKnownFileType = sourcecode.c.h; path = "NSObject+LKDBHelper.h"; sourceTree = "<group>"; };
		CE9A477719AF54C500835EB4 /* NSObject+LKDBHelper.m */ = {isa = PBXFileReference; fileEncoding = 4; lastKnownFileType = sourcecode.c.objc; path = "NSObject+LKDBHelper.m"; sourceTree = "<group>"; };
		CE9A477819AF54C500835EB4 /* NSObject+LKModel.h */ = {isa = PBXFileReference; fileEncoding = 4; lastKnownFileType = sourcecode.c.h; path = "NSObject+LKModel.h"; sourceTree = "<group>"; };
		CE9A477919AF54C500835EB4 /* NSObject+LKModel.m */ = {isa = PBXFileReference; fileEncoding = 4; lastKnownFileType = sourcecode.c.objc; path = "NSObject+LKModel.m"; sourceTree = "<group>"; };
		CE9A478019AF566E00835EB4 /* News.h */ = {isa = PBXFileReference; fileEncoding = 4; lastKnownFileType = sourcecode.c.h; name = News.h; path = Model/Entity/News.h; sourceTree = "<group>"; };
		CE9A478119AF566E00835EB4 /* News.m */ = {isa = PBXFileReference; fileEncoding = 4; lastKnownFileType = sourcecode.c.objc; name = News.m; path = Model/Entity/News.m; sourceTree = "<group>"; };
		CEA08E8919AF6D4B002707B9 /* myNetPost.m */ = {isa = PBXFileReference; fileEncoding = 4; lastKnownFileType = sourcecode.c.objc; path = myNetPost.m; sourceTree = "<group>"; };
		CEA08E8A19AF6D4B002707B9 /* myNetPost.h */ = {isa = PBXFileReference; fileEncoding = 4; lastKnownFileType = sourcecode.c.h; path = myNetPost.h; sourceTree = "<group>"; };
		CEA08E8C19AF6E6D002707B9 /* libsqlite3.0.dylib */ = {isa = PBXFileReference; lastKnownFileType = "compiled.mach-o.dylib"; name = libsqlite3.0.dylib; path = usr/lib/libsqlite3.0.dylib; sourceTree = SDKROOT; };
/* End PBXFileReference section */

/* Begin PBXFrameworksBuildPhase section */
		CE9A470F19AF4BDB00835EB4 /* Frameworks */ = {
			isa = PBXFrameworksBuildPhase;
			buildActionMask = 2147483647;
			files = (
				CEA08E8D19AF6E6D002707B9 /* libsqlite3.0.dylib in Frameworks */,
				CE9A471819AF4BDB00835EB4 /* CoreGraphics.framework in Frameworks */,
				CE9A471A19AF4BDB00835EB4 /* UIKit.framework in Frameworks */,
				CE9A471619AF4BDB00835EB4 /* Foundation.framework in Frameworks */,
			);
			runOnlyForDeploymentPostprocessing = 0;
		};
		CE9A472A19AF4BDB00835EB4 /* Frameworks */ = {
			isa = PBXFrameworksBuildPhase;
			buildActionMask = 2147483647;
			files = (
				CE9A472F19AF4BDB00835EB4 /* XCTest.framework in Frameworks */,
				CE9A473119AF4BDB00835EB4 /* UIKit.framework in Frameworks */,
				CE9A473019AF4BDB00835EB4 /* Foundation.framework in Frameworks */,
			);
			runOnlyForDeploymentPostprocessing = 0;
		};
/* End PBXFrameworksBuildPhase section */

/* Begin PBXGroup section */
		CE9A470919AF4BDB00835EB4 = {
			isa = PBXGroup;
			children = (
				CE9A471B19AF4BDB00835EB4 /* PullList */,
				CE9A473419AF4BDB00835EB4 /* PullListTests */,
				CE9A471419AF4BDB00835EB4 /* Frameworks */,
				CE9A471319AF4BDB00835EB4 /* Products */,
			);
			sourceTree = "<group>";
		};
		CE9A471319AF4BDB00835EB4 /* Products */ = {
			isa = PBXGroup;
			children = (
				CE9A471219AF4BDB00835EB4 /* PullList.app */,
				CE9A472D19AF4BDB00835EB4 /* PullListTests.xctest */,
			);
			name = Products;
			sourceTree = "<group>";
		};
		CE9A471419AF4BDB00835EB4 /* Frameworks */ = {
			isa = PBXGroup;
			children = (
				CEA08E8C19AF6E6D002707B9 /* libsqlite3.0.dylib */,
				CE9A471519AF4BDB00835EB4 /* Foundation.framework */,
				CE9A471719AF4BDB00835EB4 /* CoreGraphics.framework */,
				CE9A471919AF4BDB00835EB4 /* UIKit.framework */,
				CE9A472E19AF4BDB00835EB4 /* XCTest.framework */,
			);
			name = Frameworks;
			sourceTree = "<group>";
		};
		CE9A471B19AF4BDB00835EB4 /* PullList */ = {
			isa = PBXGroup;
			children = (
				CEA08E8819AF6CF8002707B9 /* app_code */,
				CE9A478319AF567C00835EB4 /* Entity */,
				CE9A476C19AF549200835EB4 /* dbhelper */,
				CE9A474919AF4C2800835EB4 /* viewcontrol */,
				CE9A472419AF4BDB00835EB4 /* AppDelegate.h */,
				CE9A472519AF4BDB00835EB4 /* AppDelegate.m */,
				CE9A472719AF4BDB00835EB4 /* Images.xcassets */,
				CE9A471C19AF4BDB00835EB4 /* Supporting Files */,
			);
			path = PullList;
			sourceTree = "<group>";
		};
		CE9A471C19AF4BDB00835EB4 /* Supporting Files */ = {
			isa = PBXGroup;
			children = (
				CE9A471D19AF4BDB00835EB4 /* PullList-Info.plist */,
				CE9A471E19AF4BDB00835EB4 /* InfoPlist.strings */,
				CE9A472119AF4BDB00835EB4 /* main.m */,
				CE9A472319AF4BDB00835EB4 /* PullList-Prefix.pch */,
			);
			name = "Supporting Files";
			sourceTree = "<group>";
		};
		CE9A473419AF4BDB00835EB4 /* PullListTests */ = {
			isa = PBXGroup;
			children = (
				CE9A473A19AF4BDB00835EB4 /* PullListTests.m */,
				CE9A473519AF4BDB00835EB4 /* Supporting Files */,
			);
			path = PullListTests;
			sourceTree = "<group>";
		};
		CE9A473519AF4BDB00835EB4 /* Supporting Files */ = {
			isa = PBXGroup;
			children = (
				CE9A473619AF4BDB00835EB4 /* PullListTests-Info.plist */,
				CE9A473719AF4BDB00835EB4 /* InfoPlist.strings */,
			);
			name = "Supporting Files";
			sourceTree = "<group>";
		};
		CE9A474919AF4C2800835EB4 /* viewcontrol */ = {
			isa = PBXGroup;
			children = (
				CE9A475219AF508400835EB4 /* ListCell.h */,
				CE9A475319AF508400835EB4 /* ListCell.m */,
				CE9A475519AF50CD00835EB4 /* ListCell.xib */,
				CE9A474419AF4C2100835EB4 /* PullListViewController.h */,
				CE9A474519AF4C2100835EB4 /* PullListViewController.m */,
				CE9A474619AF4C2100835EB4 /* PullListViewController.xib */,
			);
			name = viewcontrol;
			sourceTree = "<group>";
		};
		CE9A475719AF547300835EB4 /* FMDB */ = {
			isa = PBXGroup;
			children = (
				CE9A475819AF547300835EB4 /* extra */,
				CE9A475B19AF547300835EB4 /* src */,
			);
			path = FMDB;
			sourceTree = "<group>";
		};
		CE9A475819AF547300835EB4 /* extra */ = {
			isa = PBXGroup;
			children = (
				CE9A475919AF547300835EB4 /* FMDatabase+InMemoryOnDiskIO.h */,
				CE9A475A19AF547300835EB4 /* FMDatabase+InMemoryOnDiskIO.m */,
			);
			path = extra;
			sourceTree = "<group>";
		};
		CE9A475B19AF547300835EB4 /* src */ = {
			isa = PBXGroup;
			children = (
				CE9A475C19AF547300835EB4 /* FMDatabase.h */,
				CE9A475D19AF547300835EB4 /* FMDatabase.m */,
				CE9A475E19AF547300835EB4 /* FMDatabaseAdditions.h */,
				CE9A475F19AF547300835EB4 /* FMDatabaseAdditions.m */,
				CE9A476019AF547300835EB4 /* FMDatabasePool.h */,
				CE9A476119AF547300835EB4 /* FMDatabasePool.m */,
				CE9A476219AF547300835EB4 /* FMDatabaseQueue.h */,
				CE9A476319AF547300835EB4 /* FMDatabaseQueue.m */,
				CE9A476419AF547300835EB4 /* FMResultSet.h */,
				CE9A476519AF547300835EB4 /* FMResultSet.m */,
			);
			path = src;
			sourceTree = "<group>";
		};
		CE9A476C19AF549200835EB4 /* dbhelper */ = {
			isa = PBXGroup;
			children = (
				CE9A476D19AF54C500835EB4 /* Helper */,
				CE9A475719AF547300835EB4 /* FMDB */,
			);
			name = dbhelper;
			sourceTree = "<group>";
		};
		CE9A476D19AF54C500835EB4 /* Helper */ = {
			isa = PBXGroup;
			children = (
				CE9A476E19AF54C500835EB4 /* LKDB+Manager.h */,
				CE9A476F19AF54C500835EB4 /* LKDB+Manager.m */,
				CE9A477019AF54C500835EB4 /* LKDB+Mapping.h */,
				CE9A477119AF54C500835EB4 /* LKDB+Mapping.m */,
				CE9A477219AF54C500835EB4 /* LKDBHelper.h */,
				CE9A477319AF54C500835EB4 /* LKDBHelper.m */,
				CE9A477419AF54C500835EB4 /* LKDBUtils.h */,
				CE9A477519AF54C500835EB4 /* LKDBUtils.m */,
				CE9A477619AF54C500835EB4 /* NSObject+LKDBHelper.h */,
				CE9A477719AF54C500835EB4 /* NSObject+LKDBHelper.m */,
				CE9A477819AF54C500835EB4 /* NSObject+LKModel.h */,
				CE9A477919AF54C500835EB4 /* NSObject+LKModel.m */,
			);
			path = Helper;
			sourceTree = "<group>";
		};
		CE9A478319AF567C00835EB4 /* Entity */ = {
			isa = PBXGroup;
			children = (
				CE9A478019AF566E00835EB4 /* News.h */,
				CE9A478119AF566E00835EB4 /* News.m */,
			);
			name = Entity;
			sourceTree = "<group>";
		};
		CEA08E8819AF6CF8002707B9 /* app_code */ = {
			isa = PBXGroup;
			children = (
				CEA08E8919AF6D4B002707B9 /* myNetPost.m */,
				CEA08E8A19AF6D4B002707B9 /* myNetPost.h */,
			);
			name = app_code;
			sourceTree = "<group>";
		};
/* End PBXGroup section */

/* Begin PBXNativeTarget section */
		CE9A471119AF4BDB00835EB4 /* PullList */ = {
			isa = PBXNativeTarget;
			buildConfigurationList = CE9A473E19AF4BDB00835EB4 /* Build configuration list for PBXNativeTarget "PullList" */;
			buildPhases = (
				CE9A470E19AF4BDB00835EB4 /* Sources */,
				CE9A470F19AF4BDB00835EB4 /* Frameworks */,
				CE9A471019AF4BDB00835EB4 /* Resources */,
			);
			buildRules = (
			);
			dependencies = (
			);
			name = PullList;
			productName = PullList;
			productReference = CE9A471219AF4BDB00835EB4 /* PullList.app */;
			productType = "com.apple.product-type.application";
		};
		CE9A472C19AF4BDB00835EB4 /* PullListTests */ = {
			isa = PBXNativeTarget;
			buildConfigurationList = CE9A474119AF4BDB00835EB4 /* Build configuration list for PBXNativeTarget "PullListTests" */;
			buildPhases = (
				CE9A472919AF4BDB00835EB4 /* Sources */,
				CE9A472A19AF4BDB00835EB4 /* Frameworks */,
				CE9A472B19AF4BDB00835EB4 /* Resources */,
			);
			buildRules = (
			);
			dependencies = (
				CE9A473319AF4BDB00835EB4 /* PBXTargetDependency */,
			);
			name = PullListTests;
			productName = PullListTests;
			productReference = CE9A472D19AF4BDB00835EB4 /* PullListTests.xctest */;
			productType = "com.apple.product-type.bundle.unit-test";
		};
/* End PBXNativeTarget section */

/* Begin PBXProject section */
		CE9A470A19AF4BDB00835EB4 /* Project object */ = {
			isa = PBXProject;
			attributes = {
				LastUpgradeCheck = 0500;
				ORGANIZATIONNAME = user;
				TargetAttributes = {
					CE9A472C19AF4BDB00835EB4 = {
						TestTargetID = CE9A471119AF4BDB00835EB4;
					};
				};
			};
			buildConfigurationList = CE9A470D19AF4BDB00835EB4 /* Build configuration list for PBXProject "PullList" */;
			compatibilityVersion = "Xcode 3.2";
			developmentRegion = English;
			hasScannedForEncodings = 0;
			knownRegions = (
				en,
			);
			mainGroup = CE9A470919AF4BDB00835EB4;
			productRefGroup = CE9A471319AF4BDB00835EB4 /* Products */;
			projectDirPath = "";
			projectRoot = "";
			targets = (
				CE9A471119AF4BDB00835EB4 /* PullList */,
				CE9A472C19AF4BDB00835EB4 /* PullListTests */,
			);
		};
/* End PBXProject section */

/* Begin PBXResourcesBuildPhase section */
		CE9A471019AF4BDB00835EB4 /* Resources */ = {
			isa = PBXResourcesBuildPhase;
			buildActionMask = 2147483647;
			files = (
				CE9A472019AF4BDB00835EB4 /* InfoPlist.strings in Resources */,
				CE9A475619AF50CD00835EB4 /* ListCell.xib in Resources */,
				CE9A474819AF4C2100835EB4 /* PullListViewController.xib in Resources */,
				CE9A472819AF4BDB00835EB4 /* Images.xcassets in Resources */,
			);
			runOnlyForDeploymentPostprocessing = 0;
		};
		CE9A472B19AF4BDB00835EB4 /* Resources */ = {
			isa = PBXResourcesBuildPhase;
			buildActionMask = 2147483647;
			files = (
				CE9A473919AF4BDB00835EB4 /* InfoPlist.strings in Resources */,
			);
			runOnlyForDeploymentPostprocessing = 0;
		};
/* End PBXResourcesBuildPhase section */

/* Begin PBXSourcesBuildPhase section */
		CE9A470E19AF4BDB00835EB4 /* Sources */ = {
			isa = PBXSourcesBuildPhase;
			buildActionMask = 2147483647;
			files = (
				CE9A477C19AF54C500835EB4 /* LKDBHelper.m in Sources */,
				CE9A476619AF547300835EB4 /* FMDatabase+InMemoryOnDiskIO.m in Sources */,
				CE9A477B19AF54C500835EB4 /* LKDB+Mapping.m in Sources */,
				CE9A478219AF566E00835EB4 /* News.m in Sources */,
				CE9A474719AF4C2100835EB4 /* PullListViewController.m in Sources */,
				CEA08E8B19AF6D4B002707B9 /* myNetPost.m in Sources */,
				CE9A475419AF508400835EB4 /* ListCell.m in Sources */,
				CE9A476719AF547300835EB4 /* FMDatabase.m in Sources */,
				CE9A476B19AF547400835EB4 /* FMResultSet.m in Sources */,
				CE9A477A19AF54C500835EB4 /* LKDB+Manager.m in Sources */,
				CE9A477F19AF54C500835EB4 /* NSObject+LKModel.m in Sources */,
				CE9A472619AF4BDB00835EB4 /* AppDelegate.m in Sources */,
				CE9A477E19AF54C500835EB4 /* NSObject+LKDBHelper.m in Sources */,
				CE9A476919AF547300835EB4 /* FMDatabasePool.m in Sources */,
				CE9A476819AF547300835EB4 /* FMDatabaseAdditions.m in Sources */,
				CE9A472219AF4BDB00835EB4 /* main.m in Sources */,
				CE9A477D19AF54C500835EB4 /* LKDBUtils.m in Sources */,
				CE9A476A19AF547400835EB4 /* FMDatabaseQueue.m in Sources */,
			);
			runOnlyForDeploymentPostprocessing = 0;
		};
		CE9A472919AF4BDB00835EB4 /* Sources */ = {
			isa = PBXSourcesBuildPhase;
			buildActionMask = 2147483647;
			files = (
				CE9A473B19AF4BDB00835EB4 /* PullListTests.m in Sources */,
			);
			runOnlyForDeploymentPostprocessing = 0;
		};
/* End PBXSourcesBuildPhase section */

/* Begin PBXTargetDependency section */
		CE9A473319AF4BDB00835EB4 /* PBXTargetDependency */ = {
			isa = PBXTargetDependency;
			target = CE9A471119AF4BDB00835EB4 /* PullList */;
			targetProxy = CE9A473219AF4BDB00835EB4 /* PBXContainerItemProxy */;
		};
/* End PBXTargetDependency section */

/* Begin PBXVariantGroup section */
		CE9A471E19AF4BDB00835EB4 /* InfoPlist.strings */ = {
			isa = PBXVariantGroup;
			children = (
				CE9A471F19AF4BDB00835EB4 /* en */,
			);
			name = InfoPlist.strings;
			sourceTree = "<group>";
		};
		CE9A473719AF4BDB00835EB4 /* InfoPlist.strings */ = {
			isa = PBXVariantGroup;
			children = (
				CE9A473819AF4BDB00835EB4 /* en */,
			);
			name = InfoPlist.strings;
			sourceTree = "<group>";
		};
/* End PBXVariantGroup section */

/* Begin XCBuildConfiguration section */
		CE9A473C19AF4BDB00835EB4 /* Debug */ = {
			isa = XCBuildConfiguration;
			buildSettings = {
				ALWAYS_SEARCH_USER_PATHS = NO;
				ARCHS = "$(ARCHS_STANDARD_INCLUDING_64_BIT)";
				CLANG_CXX_LANGUAGE_STANDARD = "gnu++0x";
				CLANG_CXX_LIBRARY = "libc++";
				CLANG_ENABLE_MODULES = YES;
				CLANG_ENABLE_OBJC_ARC = YES;
				CLANG_WARN_BOOL_CONVERSION = YES;
				CLANG_WARN_CONSTANT_CONVERSION = YES;
				CLANG_WARN_DIRECT_OBJC_ISA_USAGE = YES_ERROR;
				CLANG_WARN_EMPTY_BODY = YES;
				CLANG_WARN_ENUM_CONVERSION = YES;
				CLANG_WARN_INT_CONVERSION = YES;
				CLANG_WARN_OBJC_ROOT_CLASS = YES_ERROR;
				CLANG_WARN__DUPLICATE_METHOD_MATCH = YES;
				"CODE_SIGN_IDENTITY[sdk=iphoneos*]" = "iPhone Developer";
				COPY_PHASE_STRIP = NO;
				GCC_C_LANGUAGE_STANDARD = gnu99;
				GCC_DYNAMIC_NO_PIC = NO;
				GCC_OPTIMIZATION_LEVEL = 0;
				GCC_PREPROCESSOR_DEFINITIONS = (
					"DEBUG=1",
					"$(inherited)",
				);
				GCC_SYMBOLS_PRIVATE_EXTERN = NO;
				GCC_WARN_64_TO_32_BIT_CONVERSION = YES;
				GCC_WARN_ABOUT_RETURN_TYPE = YES_ERROR;
				GCC_WARN_UNDECLARED_SELECTOR = YES;
				GCC_WARN_UNINITIALIZED_AUTOS = YES;
				GCC_WARN_UNUSED_FUNCTION = YES;
				GCC_WARN_UNUSED_VARIABLE = YES;
				IPHONEOS_DEPLOYMENT_TARGET = 7.0;
				ONLY_ACTIVE_ARCH = YES;
				SDKROOT = iphoneos;
			};
			name = Debug;
		};
		CE9A473D19AF4BDB00835EB4 /* Release */ = {
			isa = XCBuildConfiguration;
			buildSettings = {
				ALWAYS_SEARCH_USER_PATHS = NO;
				ARCHS = "$(ARCHS_STANDARD_INCLUDING_64_BIT)";
				CLANG_CXX_LANGUAGE_STANDARD = "gnu++0x";
				CLANG_CXX_LIBRARY = "libc++";
				CLANG_ENABLE_MODULES = YES;
				CLANG_ENABLE_OBJC_ARC = YES;
				CLANG_WARN_BOOL_CONVERSION = YES;
				CLANG_WARN_CONSTANT_CONVERSION = YES;
				CLANG_WARN_DIRECT_OBJC_ISA_USAGE = YES_ERROR;
				CLANG_WARN_EMPTY_BODY = YES;
				CLANG_WARN_ENUM_CONVERSION = YES;
				CLANG_WARN_INT_CONVERSION = YES;
				CLANG_WARN_OBJC_ROOT_CLASS = YES_ERROR;
				CLANG_WARN__DUPLICATE_METHOD_MATCH = YES;
				"CODE_SIGN_IDENTITY[sdk=iphoneos*]" = "iPhone Developer";
				COPY_PHASE_STRIP = YES;
				ENABLE_NS_ASSERTIONS = NO;
				GCC_C_LANGUAGE_STANDARD = gnu99;
				GCC_WARN_64_TO_32_BIT_CONVERSION = YES;
				GCC_WARN_ABOUT_RETURN_TYPE = YES_ERROR;
				GCC_WARN_UNDECLARED_SELECTOR = YES;
				GCC_WARN_UNINITIALIZED_AUTOS = YES;
				GCC_WARN_UNUSED_FUNCTION = YES;
				GCC_WARN_UNUSED_VARIABLE = YES;
				IPHONEOS_DEPLOYMENT_TARGET = 7.0;
				SDKROOT = iphoneos;
				VALIDATE_PRODUCT = YES;
			};
			name = Release;
		};
		CE9A473F19AF4BDB00835EB4 /* Debug */ = {
			isa = XCBuildConfiguration;
			buildSettings = {
				ASSETCATALOG_COMPILER_APPICON_NAME = AppIcon;
				ASSETCATALOG_COMPILER_LAUNCHIMAGE_NAME = LaunchImage;
				GCC_PRECOMPILE_PREFIX_HEADER = YES;
				GCC_PREFIX_HEADER = "PullList/PullList-Prefix.pch";
				INFOPLIST_FILE = "PullList/PullList-Info.plist";
				PRODUCT_NAME = "$(TARGET_NAME)";
				WRAPPER_EXTENSION = app;
			};
			name = Debug;
		};
		CE9A474019AF4BDB00835EB4 /* Release */ = {
			isa = XCBuildConfiguration;
			buildSettings = {
				ASSETCATALOG_COMPILER_APPICON_NAME = AppIcon;
				ASSETCATALOG_COMPILER_LAUNCHIMAGE_NAME = LaunchImage;
				GCC_PRECOMPILE_PREFIX_HEADER = YES;
				GCC_PREFIX_HEADER = "PullList/PullList-Prefix.pch";
				INFOPLIST_FILE = "PullList/PullList-Info.plist";
				PRODUCT_NAME = "$(TARGET_NAME)";
				WRAPPER_EXTENSION = app;
			};
			name = Release;
		};
		CE9A474219AF4BDB00835EB4 /* Debug */ = {
			isa = XCBuildConfiguration;
			buildSettings = {
				ARCHS = "$(ARCHS_STANDARD_INCLUDING_64_BIT)";
				BUNDLE_LOADER = "$(BUILT_PRODUCTS_DIR)/PullList.app/PullList";
				FRAMEWORK_SEARCH_PATHS = (
					"$(SDKROOT)/Developer/Library/Frameworks",
					"$(inherited)",
					"$(DEVELOPER_FRAMEWORKS_DIR)",
				);
				GCC_PRECOMPILE_PREFIX_HEADER = YES;
				GCC_PREFIX_HEADER = "PullList/PullList-Prefix.pch";
				GCC_PREPROCESSOR_DEFINITIONS = (
					"DEBUG=1",
					"$(inherited)",
				);
				INFOPLIST_FILE = "PullListTests/PullListTests-Info.plist";
				PRODUCT_NAME = "$(TARGET_NAME)";
				TEST_HOST = "$(BUNDLE_LOADER)";
				WRAPPER_EXTENSION = xctest;
			};
			name = Debug;
		};
		CE9A474319AF4BDB00835EB4 /* Release */ = {
			isa = XCBuildConfiguration;
			buildSettings = {
				ARCHS = "$(ARCHS_STANDARD_INCLUDING_64_BIT)";
				BUNDLE_LOADER = "$(BUILT_PRODUCTS_DIR)/PullList.app/PullList";
				FRAMEWORK_SEARCH_PATHS = (
					"$(SDKROOT)/Developer/Library/Frameworks",
					"$(inherited)",
					"$(DEVELOPER_FRAMEWORKS_DIR)",
				);
				GCC_PRECOMPILE_PREFIX_HEADER = YES;
				GCC_PREFIX_HEADER = "PullList/PullList-Prefix.pch";
				INFOPLIST_FILE = "PullListTests/PullListTests-Info.plist";
				PRODUCT_NAME = "$(TARGET_NAME)";
				TEST_HOST = "$(BUNDLE_LOADER)";
				WRAPPER_EXTENSION = xctest;
			};
			name = Release;
		};
/* End XCBuildConfiguration section */

/* Begin XCConfigurationList section */
		CE9A470D19AF4BDB00835EB4 /* Build configuration list for PBXProject "PullList" */ = {
			isa = XCConfigurationList;
			buildConfigurations = (
				CE9A473C19AF4BDB00835EB4 /* Debug */,
				CE9A473D19AF4BDB00835EB4 /* Release */,
			);
			defaultConfigurationIsVisible = 0;
			defaultConfigurationName = Release;
		};
		CE9A473E19AF4BDB00835EB4 /* Build configuration list for PBXNativeTarget "PullList" */ = {
			isa = XCConfigurationList;
			buildConfigurations = (
				CE9A473F19AF4BDB00835EB4 /* Debug */,
				CE9A474019AF4BDB00835EB4 /* Release */,
			);
			defaultConfigurationIsVisible = 0;
			defaultConfigurationName = Release;
		};
		CE9A474119AF4BDB00835EB4 /* Build configuration list for PBXNativeTarget "PullListTests" */ = {
			isa = XCConfigurationList;
			buildConfigurations = (
				CE9A474219AF4BDB00835EB4 /* Debug */,
				CE9A474319AF4BDB00835EB4 /* Release */,
			);
			defaultConfigurationIsVisible = 0;
			defaultConfigurationName = Release;
		};
/* End XCConfigurationList section */
	};
	rootObject = CE9A470A19AF4BDB00835EB4 /* Project object */;
}
